{
  "version": 4,
  "terraform_version": "0.12.24",
  "serial": 192,
  "lineage": "d058fa61-e1fd-bec7-6f07-a014e84139dc",
  "outputs": {},
  "resources": [
    {
      "module": "module.autoscaling",
      "mode": "data",
      "type": "aws_ami",
      "name": "image",
      "provider": "provider.aws",
      "instances": [
        {
          "schema_version": 0,
          "attributes": {
            "architecture": "x86_64",
            "block_device_mappings": [
              {
                "device_name": "/dev/xvda",
                "ebs": {
                  "delete_on_termination": "true",
                  "encrypted": "false",
                  "iops": "0",
                  "snapshot_id": "snap-072c1d9c7f15c7d1f",
                  "volume_size": "8",
                  "volume_type": "gp2"
                },
                "no_device": "",
                "virtual_name": ""
              }
            ],
            "creation_date": "2020-05-14T15:02:29.000Z",
            "description": null,
            "executable_users": null,
            "filter": [
              {
                "name": "tag:Name",
                "values": [
                  "archTestIlegraAMI"
                ]
              }
            ],
            "hypervisor": "xen",
            "id": "ami-08345b8baf7596c42",
            "image_id": "ami-08345b8baf7596c42",
            "image_location": "428188582803/packer-with-ansible-java-logs-microservice-redis-1589466505",
            "image_owner_alias": null,
            "image_type": "machine",
            "kernel_id": null,
            "most_recent": true,
            "name": "packer-with-ansible-java-logs-microservice-redis-1589466505",
            "name_regex": null,
            "owner_id": "428188582803",
            "owners": [
              "self"
            ],
            "platform": null,
            "product_codes": [],
            "public": false,
            "ramdisk_id": null,
            "root_device_name": "/dev/xvda",
            "root_device_type": "ebs",
            "root_snapshot_id": "snap-072c1d9c7f15c7d1f",
            "sriov_net_support": "simple",
            "state": "available",
            "state_reason": {
              "code": "UNSET",
              "message": "UNSET"
            },
            "tags": {
              "Name": "archTestIlegraAMI"
            },
            "virtualization_type": "hvm"
          }
        }
      ]
    },
    {
      "module": "module.autoscaling",
      "mode": "managed",
      "type": "aws_autoscaling_group",
      "name": "archTestAutoscalingGroup",
      "provider": "provider.aws",
      "instances": [
        {
          "schema_version": 0,
          "attributes": {
            "arn": "arn:aws:autoscaling:us-east-1:428188582803:autoScalingGroup:95793be3-9184-4c1b-af3f-daf03adc15bb:autoScalingGroupName/ArchTestAutoscalingGroup",
            "availability_zones": [
              "us-east-1a",
              "us-east-1b"
            ],
            "default_cooldown": 300,
            "desired_capacity": 1,
            "enabled_metrics": null,
            "force_delete": true,
            "health_check_grace_period": 300,
            "health_check_type": "EC2",
            "id": "ArchTestAutoscalingGroup",
            "initial_lifecycle_hook": [],
            "launch_configuration": "ArchTestEC2LC",
            "launch_template": [],
            "load_balancers": [],
            "max_instance_lifetime": 0,
            "max_size": 1,
            "metrics_granularity": "1Minute",
            "min_elb_capacity": null,
            "min_size": 1,
            "mixed_instances_policy": [],
            "name": "ArchTestAutoscalingGroup",
            "name_prefix": null,
            "placement_group": "",
            "protect_from_scale_in": false,
            "service_linked_role_arn": "arn:aws:iam::428188582803:role/aws-service-role/autoscaling.amazonaws.com/AWSServiceRoleForAutoScaling",
            "suspended_processes": null,
            "tag": [],
            "tags": null,
            "target_group_arns": [],
            "termination_policies": null,
            "timeouts": null,
            "vpc_zone_identifier": [
              "subnet-08d06a0fb0ee92761",
              "subnet-08e15292384ea7a03"
            ],
            "wait_for_capacity_timeout": "10m",
            "wait_for_elb_capacity": null
          },
          "private": "eyJlMmJmYjczMC1lY2FhLTExZTYtOGY4OC0zNDM2M2JjN2M0YzAiOnsiZGVsZXRlIjo2MDAwMDAwMDAwMDB9fQ==",
          "dependencies": [
            "module.autoscaling.aws_launch_configuration.archTestConfig",
            "module.network.aws_security_group.arch_test_allow_app",
            "module.network.aws_security_group.arch_test_allow_ssh",
            "module.network.aws_subnet.appSubNetEastA",
            "module.network.aws_subnet.appSubNetEastB",
            "module.network.aws_vpc.archTestVPC"
          ]
        }
      ]
    },
    {
      "module": "module.network",
      "mode": "managed",
      "type": "aws_eip",
      "name": "archTestNATIPEastA",
      "provider": "provider.aws",
      "instances": [
        {
          "schema_version": 0,
          "attributes": {
            "allocation_id": null,
            "associate_with_private_ip": null,
            "association_id": "",
            "customer_owned_ip": "",
            "customer_owned_ipv4_pool": "",
            "domain": "vpc",
            "id": "eipalloc-098e00eef12547002",
            "instance": "",
            "network_interface": "",
            "private_dns": null,
            "private_ip": "",
            "public_dns": "ec2-3-93-224-152.compute-1.amazonaws.com",
            "public_ip": "3.93.224.152",
            "public_ipv4_pool": "amazon",
            "tags": {
              "Name": "Arch Test - Elastic IP Subnet A"
            },
            "timeouts": null,
            "vpc": true
          },
          "private": "eyJlMmJmYjczMC1lY2FhLTExZTYtOGY4OC0zNDM2M2JjN2M0YzAiOnsiZGVsZXRlIjoxODAwMDAwMDAwMDAsInJlYWQiOjkwMDAwMDAwMDAwMCwidXBkYXRlIjozMDAwMDAwMDAwMDB9fQ=="
        }
      ]
    },
    {
      "module": "module.network",
      "mode": "managed",
      "type": "aws_eip",
      "name": "archTestNATIPEastB",
      "provider": "provider.aws",
      "instances": [
        {
          "schema_version": 0,
          "attributes": {
            "allocation_id": null,
            "associate_with_private_ip": null,
            "association_id": "",
            "customer_owned_ip": "",
            "customer_owned_ipv4_pool": "",
            "domain": "vpc",
            "id": "eipalloc-058f543e47c0ee8b2",
            "instance": "",
            "network_interface": "",
            "private_dns": null,
            "private_ip": "",
            "public_dns": "ec2-54-173-132-139.compute-1.amazonaws.com",
            "public_ip": "54.173.132.139",
            "public_ipv4_pool": "amazon",
            "tags": {
              "Name": "Arch Test - Elastic IP Subnet B"
            },
            "timeouts": null,
            "vpc": true
          },
          "private": "eyJlMmJmYjczMC1lY2FhLTExZTYtOGY4OC0zNDM2M2JjN2M0YzAiOnsiZGVsZXRlIjoxODAwMDAwMDAwMDAsInJlYWQiOjkwMDAwMDAwMDAwMCwidXBkYXRlIjozMDAwMDAwMDAwMDB9fQ=="
        }
      ]
    },
    {
      "module": "module.network",
      "mode": "managed",
      "type": "aws_internet_gateway",
      "name": "archTestInternetGateway",
      "provider": "provider.aws",
      "instances": [
        {
          "schema_version": 0,
          "attributes": {
            "id": "igw-082506ba7f898491a",
            "owner_id": "428188582803",
            "tags": {
              "Name": "ArchTestInternetGateway"
            },
            "vpc_id": "vpc-0869fee1616e585c0"
          },
          "private": "bnVsbA==",
          "dependencies": [
            "module.network.aws_vpc.archTestVPC"
          ]
        }
      ]
    },
    {
      "module": "module.autoscaling",
      "mode": "managed",
      "type": "aws_launch_configuration",
      "name": "archTestConfig",
      "provider": "provider.aws",
      "instances": [
        {
          "schema_version": 0,
          "attributes": {
            "arn": "arn:aws:autoscaling:us-east-1:428188582803:launchConfiguration:acac9f8e-4139-4279-8928-1ef5499d28c2:launchConfigurationName/ArchTestEC2LC",
            "associate_public_ip_address": false,
            "ebs_block_device": [],
            "ebs_optimized": false,
            "enable_monitoring": true,
            "ephemeral_block_device": [],
            "iam_instance_profile": "",
            "id": "ArchTestEC2LC",
            "image_id": "ami-08345b8baf7596c42",
            "instance_type": "t2.micro",
            "key_name": "ssh_terraform",
            "name": "ArchTestEC2LC",
            "name_prefix": null,
            "placement_tenancy": null,
            "root_block_device": [],
            "security_groups": [
              "sg-001f34c729c6d40fd",
              "sg-0e7de84641e934194"
            ],
            "spot_price": "",
            "user_data": "23baaf5bce9a563b1b35e5e098b992d9aeee5176",
            "user_data_base64": null,
            "vpc_classic_link_id": "",
            "vpc_classic_link_security_groups": null
          },
          "private": "bnVsbA==",
          "dependencies": [
            "module.network.aws_security_group.arch_test_allow_app",
            "module.network.aws_security_group.arch_test_allow_ssh",
            "module.network.aws_vpc.archTestVPC"
          ]
        }
      ]
    },
    {
      "module": "module.autoscaling",
      "mode": "managed",
      "type": "aws_lb",
      "name": "archTestLB",
      "provider": "provider.aws",
      "instances": []
    },
    {
      "module": "module.autoscaling",
      "mode": "managed",
      "type": "aws_lb_listener",
      "name": "archTestLBListener",
      "provider": "provider.aws",
      "instances": []
    },
    {
      "module": "module.autoscaling",
      "mode": "managed",
      "type": "aws_lb_listener_rule",
      "name": "archTestListenerRuleStatic",
      "provider": "provider.aws",
      "instances": []
    },
    {
      "module": "module.autoscaling",
      "mode": "managed",
      "type": "aws_lb_target_group",
      "name": "archTestLBTargetGroup",
      "provider": "provider.aws",
      "instances": [
        {
          "schema_version": 0,
          "attributes": {
            "arn": "arn:aws:elasticloadbalancing:us-east-1:428188582803:targetgroup/arc-htest-lb-tg/d291bc86e3c45ece",
            "arn_suffix": "targetgroup/arc-htest-lb-tg/d291bc86e3c45ece",
            "deregistration_delay": 300,
            "health_check": [
              {
                "enabled": true,
                "healthy_threshold": 3,
                "interval": 30,
                "matcher": "200",
                "path": "/healthCheck",
                "port": "traffic-port",
                "protocol": "HTTP",
                "timeout": 5,
                "unhealthy_threshold": 3
              }
            ],
            "id": "arn:aws:elasticloadbalancing:us-east-1:428188582803:targetgroup/arc-htest-lb-tg/d291bc86e3c45ece",
            "lambda_multi_value_headers_enabled": false,
            "load_balancing_algorithm_type": "round_robin",
            "name": "arc-htest-lb-tg",
            "name_prefix": null,
            "port": 8080,
            "protocol": "HTTP",
            "proxy_protocol_v2": false,
            "slow_start": 0,
            "stickiness": [
              {
                "cookie_duration": 86400,
                "enabled": false,
                "type": "lb_cookie"
              }
            ],
            "tags": null,
            "target_type": "instance",
            "vpc_id": "vpc-0869fee1616e585c0"
          },
          "private": "bnVsbA==",
          "dependencies": [
            "module.network.aws_vpc.archTestVPC"
          ]
        }
      ]
    },
    {
      "module": "module.network",
      "mode": "managed",
      "type": "aws_nat_gateway",
      "name": "archTestNATEastA",
      "provider": "provider.aws",
      "instances": [
        {
          "schema_version": 0,
          "attributes": {
            "allocation_id": "eipalloc-098e00eef12547002",
            "id": "nat-0fd38805c0bf64a76",
            "network_interface_id": "eni-019e767fa1e978a5d",
            "private_ip": "10.0.1.190",
            "public_ip": "3.93.224.152",
            "subnet_id": "subnet-08d06a0fb0ee92761",
            "tags": {
              "Name": "NAT Gateway East A"
            }
          },
          "private": "bnVsbA==",
          "dependencies": [
            "module.network.aws_eip.archTestNATIPEastA",
            "module.network.aws_subnet.appSubNetEastA",
            "module.network.aws_vpc.archTestVPC"
          ]
        }
      ]
    },
    {
      "module": "module.network",
      "mode": "managed",
      "type": "aws_nat_gateway",
      "name": "archTestNATEastB",
      "provider": "provider.aws",
      "instances": [
        {
          "schema_version": 0,
          "attributes": {
            "allocation_id": "eipalloc-058f543e47c0ee8b2",
            "id": "nat-021aa9e9658f8dd4b",
            "network_interface_id": "eni-07cad2cefbd73e32e",
            "private_ip": "10.0.2.68",
            "public_ip": "54.173.132.139",
            "subnet_id": "subnet-08e15292384ea7a03",
            "tags": {
              "Name": "NAT Gateway East B"
            }
          },
          "private": "bnVsbA==",
          "dependencies": [
            "module.network.aws_eip.archTestNATIPEastB",
            "module.network.aws_subnet.appSubNetEastB",
            "module.network.aws_vpc.archTestVPC"
          ]
        }
      ]
    },
    {
      "module": "module.network",
      "mode": "managed",
      "type": "aws_security_group",
      "name": "arch_test_allow_app",
      "provider": "provider.aws",
      "instances": [
        {
          "schema_version": 1,
          "attributes": {
            "arn": "arn:aws:ec2:us-east-1:428188582803:security-group/sg-001f34c729c6d40fd",
            "description": "Allow App 8080 inbound traffic",
            "egress": [
              {
                "cidr_blocks": [
                  "0.0.0.0/0"
                ],
                "description": "",
                "from_port": 0,
                "ipv6_cidr_blocks": [],
                "prefix_list_ids": [],
                "protocol": "-1",
                "security_groups": [],
                "self": false,
                "to_port": 0
              }
            ],
            "id": "sg-001f34c729c6d40fd",
            "ingress": [
              {
                "cidr_blocks": [
                  "10.0.0.0/16"
                ],
                "description": "8080 from VPC",
                "from_port": 8080,
                "ipv6_cidr_blocks": [],
                "prefix_list_ids": [],
                "protocol": "tcp",
                "security_groups": [],
                "self": false,
                "to_port": 8080
              }
            ],
            "name": "Arch Test allow App",
            "name_prefix": null,
            "owner_id": "428188582803",
            "revoke_rules_on_delete": false,
            "tags": null,
            "timeouts": null,
            "vpc_id": "vpc-0869fee1616e585c0"
          },
          "private": "eyJlMmJmYjczMC1lY2FhLTExZTYtOGY4OC0zNDM2M2JjN2M0YzAiOnsiY3JlYXRlIjo2MDAwMDAwMDAwMDAsImRlbGV0ZSI6NjAwMDAwMDAwMDAwfSwic2NoZW1hX3ZlcnNpb24iOiIxIn0=",
          "dependencies": [
            "module.network.aws_vpc.archTestVPC"
          ]
        }
      ]
    },
    {
      "module": "module.network",
      "mode": "managed",
      "type": "aws_security_group",
      "name": "arch_test_allow_ssh",
      "provider": "provider.aws",
      "instances": [
        {
          "schema_version": 1,
          "attributes": {
            "arn": "arn:aws:ec2:us-east-1:428188582803:security-group/sg-0e7de84641e934194",
            "description": "Allow SSH inbound traffic",
            "egress": [
              {
                "cidr_blocks": [
                  "0.0.0.0/0"
                ],
                "description": "",
                "from_port": 0,
                "ipv6_cidr_blocks": [],
                "prefix_list_ids": [],
                "protocol": "-1",
                "security_groups": [],
                "self": false,
                "to_port": 0
              }
            ],
            "id": "sg-0e7de84641e934194",
            "ingress": [
              {
                "cidr_blocks": [
                  "10.0.0.0/16"
                ],
                "description": "SSH from VPC",
                "from_port": 22,
                "ipv6_cidr_blocks": [],
                "prefix_list_ids": [],
                "protocol": "tcp",
                "security_groups": [],
                "self": false,
                "to_port": 22
              }
            ],
            "name": "Arch Test Allow SSH",
            "name_prefix": null,
            "owner_id": "428188582803",
            "revoke_rules_on_delete": false,
            "tags": null,
            "timeouts": null,
            "vpc_id": "vpc-0869fee1616e585c0"
          },
          "private": "eyJlMmJmYjczMC1lY2FhLTExZTYtOGY4OC0zNDM2M2JjN2M0YzAiOnsiY3JlYXRlIjo2MDAwMDAwMDAwMDAsImRlbGV0ZSI6NjAwMDAwMDAwMDAwfSwic2NoZW1hX3ZlcnNpb24iOiIxIn0=",
          "dependencies": [
            "module.network.aws_vpc.archTestVPC"
          ]
        }
      ]
    },
    {
      "module": "module.network",
      "mode": "managed",
      "type": "aws_subnet",
      "name": "appSubNetEastA",
      "provider": "provider.aws",
      "instances": [
        {
          "schema_version": 1,
          "attributes": {
            "arn": "arn:aws:ec2:us-east-1:428188582803:subnet/subnet-08d06a0fb0ee92761",
            "assign_ipv6_address_on_creation": false,
            "availability_zone": "us-east-1a",
            "availability_zone_id": "use1-az6",
            "cidr_block": "10.0.1.0/24",
            "id": "subnet-08d06a0fb0ee92761",
            "ipv6_cidr_block": "",
            "ipv6_cidr_block_association_id": "",
            "map_public_ip_on_launch": false,
            "outpost_arn": "",
            "owner_id": "428188582803",
            "tags": {
              "Name": "Arch Test - App Subnet A"
            },
            "timeouts": null,
            "vpc_id": "vpc-0869fee1616e585c0"
          },
          "private": "eyJlMmJmYjczMC1lY2FhLTExZTYtOGY4OC0zNDM2M2JjN2M0YzAiOnsiY3JlYXRlIjo2MDAwMDAwMDAwMDAsImRlbGV0ZSI6MTIwMDAwMDAwMDAwMH0sInNjaGVtYV92ZXJzaW9uIjoiMSJ9",
          "dependencies": [
            "module.network.aws_vpc.archTestVPC"
          ]
        }
      ]
    },
    {
      "module": "module.network",
      "mode": "managed",
      "type": "aws_subnet",
      "name": "appSubNetEastB",
      "provider": "provider.aws",
      "instances": [
        {
          "schema_version": 1,
          "attributes": {
            "arn": "arn:aws:ec2:us-east-1:428188582803:subnet/subnet-08e15292384ea7a03",
            "assign_ipv6_address_on_creation": false,
            "availability_zone": "us-east-1b",
            "availability_zone_id": "use1-az1",
            "cidr_block": "10.0.2.0/24",
            "id": "subnet-08e15292384ea7a03",
            "ipv6_cidr_block": "",
            "ipv6_cidr_block_association_id": "",
            "map_public_ip_on_launch": false,
            "outpost_arn": "",
            "owner_id": "428188582803",
            "tags": {
              "Name": "Arch Test - App Subnet B"
            },
            "timeouts": null,
            "vpc_id": "vpc-0869fee1616e585c0"
          },
          "private": "eyJlMmJmYjczMC1lY2FhLTExZTYtOGY4OC0zNDM2M2JjN2M0YzAiOnsiY3JlYXRlIjo2MDAwMDAwMDAwMDAsImRlbGV0ZSI6MTIwMDAwMDAwMDAwMH0sInNjaGVtYV92ZXJzaW9uIjoiMSJ9",
          "dependencies": [
            "module.network.aws_vpc.archTestVPC"
          ]
        }
      ]
    },
    {
      "module": "module.network",
      "mode": "managed",
      "type": "aws_vpc",
      "name": "archTestVPC",
      "provider": "provider.aws",
      "instances": [
        {
          "schema_version": 1,
          "attributes": {
            "arn": "arn:aws:ec2:us-east-1:428188582803:vpc/vpc-0869fee1616e585c0",
            "assign_generated_ipv6_cidr_block": false,
            "cidr_block": "10.0.0.0/16",
            "default_network_acl_id": "acl-09701b81bc08bb637",
            "default_route_table_id": "rtb-01ba8d8bf6f298122",
            "default_security_group_id": "sg-0eb582f512e938c6f",
            "dhcp_options_id": "dopt-336baa56",
            "enable_classiclink": false,
            "enable_classiclink_dns_support": false,
            "enable_dns_hostnames": true,
            "enable_dns_support": true,
            "id": "vpc-0869fee1616e585c0",
            "instance_tenancy": "default",
            "ipv6_association_id": "",
            "ipv6_cidr_block": "",
            "main_route_table_id": "rtb-01ba8d8bf6f298122",
            "owner_id": "428188582803",
            "tags": {
              "Name": "ArchTestVPC"
            }
          },
          "private": "eyJzY2hlbWFfdmVyc2lvbiI6IjEifQ=="
        }
      ]
    }
  ]
}
