{
  "version": 4,
  "terraform_version": "0.12.24",
  "serial": 163,
  "lineage": "b791d87f-9256-4362-ce21-23da2c6a010c",
  "outputs": {},
  "resources": [
    {
      "module": "module.autoscaling",
      "mode": "data",
      "type": "aws_ami",
      "name": "image",
      "provider": "provider.aws",
      "instances": [
        {
          "schema_version": 0,
          "attributes": {
            "architecture": "x86_64",
            "block_device_mappings": [
              {
                "device_name": "/dev/xvda",
                "ebs": {
                  "delete_on_termination": "true",
                  "encrypted": "false",
                  "iops": "0",
                  "snapshot_id": "snap-0802455e134758e66",
                  "volume_size": "8",
                  "volume_type": "gp2"
                },
                "no_device": "",
                "virtual_name": ""
              }
            ],
            "creation_date": "2020-05-16T23:34:50.000Z",
            "description": null,
            "executable_users": null,
            "filter": [
              {
                "name": "tag:Name",
                "values": [
                  "archTestIlegraAMI"
                ]
              }
            ],
            "hypervisor": "xen",
            "id": "ami-014572f10945d8cdb",
            "image_id": "ami-014572f10945d8cdb",
            "image_location": "428188582803/packer-with-ansible-java-logs-microservice-redis-1589669890",
            "image_owner_alias": null,
            "image_type": "machine",
            "kernel_id": null,
            "most_recent": true,
            "name": "packer-with-ansible-java-logs-microservice-redis-1589669890",
            "name_regex": null,
            "owner_id": "428188582803",
            "owners": [
              "self"
            ],
            "platform": null,
            "product_codes": [],
            "public": false,
            "ramdisk_id": null,
            "root_device_name": "/dev/xvda",
            "root_device_type": "ebs",
            "root_snapshot_id": "snap-0802455e134758e66",
            "sriov_net_support": "simple",
            "state": "available",
            "state_reason": {
              "code": "UNSET",
              "message": "UNSET"
            },
            "tags": {
              "Name": "archTestIlegraAMI"
            },
            "virtualization_type": "hvm"
          }
        }
      ]
    },
    {
      "module": "module.autoscaling",
      "mode": "managed",
      "type": "aws_autoscaling_group",
      "name": "archTestAutoscalingGroup",
      "provider": "provider.aws",
      "instances": [
        {
          "schema_version": 0,
          "attributes": {
            "arn": "arn:aws:autoscaling:us-east-1:428188582803:autoScalingGroup:4d6766b3-cb3f-4519-9ce2-ba83b5aa8b24:autoScalingGroupName/ArchTestAutoscalingGroup",
            "availability_zones": [
              "us-east-1a",
              "us-east-1b"
            ],
            "default_cooldown": 300,
            "desired_capacity": 1,
            "enabled_metrics": null,
            "force_delete": true,
            "health_check_grace_period": 300,
            "health_check_type": "EC2",
            "id": "ArchTestAutoscalingGroup",
            "initial_lifecycle_hook": [],
            "launch_configuration": "ArchTestEC2LC",
            "launch_template": [],
            "load_balancers": [],
            "max_instance_lifetime": 0,
            "max_size": 1,
            "metrics_granularity": "1Minute",
            "min_elb_capacity": null,
            "min_size": 1,
            "mixed_instances_policy": [],
            "name": "ArchTestAutoscalingGroup",
            "name_prefix": null,
            "placement_group": "",
            "protect_from_scale_in": false,
            "service_linked_role_arn": "arn:aws:iam::428188582803:role/aws-service-role/autoscaling.amazonaws.com/AWSServiceRoleForAutoScaling",
            "suspended_processes": null,
            "tag": [],
            "tags": null,
            "target_group_arns": [
              "arn:aws:elasticloadbalancing:us-east-1:428188582803:targetgroup/ArchTestLB-TG/6af399d1a5291ed2"
            ],
            "termination_policies": null,
            "timeouts": null,
            "vpc_zone_identifier": [
              "subnet-00b05f83a35e3742f",
              "subnet-0f9a52754df8838bb"
            ],
            "wait_for_capacity_timeout": "10m",
            "wait_for_elb_capacity": null
          },
          "private": "eyJlMmJmYjczMC1lY2FhLTExZTYtOGY4OC0zNDM2M2JjN2M0YzAiOnsiZGVsZXRlIjo2MDAwMDAwMDAwMDB9fQ==",
          "dependencies": [
            "module.autoscaling.aws_launch_configuration.archTestConfig",
            "module.autoscaling.aws_lb_target_group.archTestLBTargetGroup",
            "module.network.aws_security_group.arch_test_allow_app",
            "module.network.aws_security_group.arch_test_allow_ssh",
            "module.network.aws_security_group.arch_test_external_app",
            "module.network.aws_subnet.appSubNetEastA",
            "module.network.aws_subnet.appSubNetEastB",
            "module.network.aws_vpc.archTestVPC"
          ]
        }
      ]
    },
    {
      "module": "module.network",
      "mode": "managed",
      "type": "aws_eip",
      "name": "archTestNATIPEastA",
      "provider": "provider.aws",
      "instances": [
        {
          "schema_version": 0,
          "attributes": {
            "allocation_id": null,
            "associate_with_private_ip": null,
            "association_id": "",
            "customer_owned_ip": "",
            "customer_owned_ipv4_pool": "",
            "domain": "vpc",
            "id": "eipalloc-030e3c8df4633ffe8",
            "instance": "",
            "network_interface": "",
            "private_dns": null,
            "private_ip": "",
            "public_dns": "ec2-3-233-51-167.compute-1.amazonaws.com",
            "public_ip": "3.233.51.167",
            "public_ipv4_pool": "amazon",
            "tags": {
              "Name": "Arch Test - Elastic IP Subnet A"
            },
            "timeouts": null,
            "vpc": true
          },
          "private": "eyJlMmJmYjczMC1lY2FhLTExZTYtOGY4OC0zNDM2M2JjN2M0YzAiOnsiZGVsZXRlIjoxODAwMDAwMDAwMDAsInJlYWQiOjkwMDAwMDAwMDAwMCwidXBkYXRlIjozMDAwMDAwMDAwMDB9fQ=="
        }
      ]
    },
    {
      "module": "module.network",
      "mode": "managed",
      "type": "aws_eip",
      "name": "archTestNATIPEastB",
      "provider": "provider.aws",
      "instances": [
        {
          "schema_version": 0,
          "attributes": {
            "allocation_id": null,
            "associate_with_private_ip": null,
            "association_id": "",
            "customer_owned_ip": "",
            "customer_owned_ipv4_pool": "",
            "domain": "vpc",
            "id": "eipalloc-06351db8856915bf1",
            "instance": "",
            "network_interface": "",
            "private_dns": null,
            "private_ip": "",
            "public_dns": "ec2-54-204-107-39.compute-1.amazonaws.com",
            "public_ip": "54.204.107.39",
            "public_ipv4_pool": "amazon",
            "tags": {
              "Name": "Arch Test - Elastic IP Subnet B"
            },
            "timeouts": null,
            "vpc": true
          },
          "private": "eyJlMmJmYjczMC1lY2FhLTExZTYtOGY4OC0zNDM2M2JjN2M0YzAiOnsiZGVsZXRlIjoxODAwMDAwMDAwMDAsInJlYWQiOjkwMDAwMDAwMDAwMCwidXBkYXRlIjozMDAwMDAwMDAwMDB9fQ=="
        }
      ]
    },
    {
      "module": "module.network",
      "mode": "managed",
      "type": "aws_internet_gateway",
      "name": "archTestInternetGateway",
      "provider": "provider.aws",
      "instances": [
        {
          "schema_version": 0,
          "attributes": {
            "id": "igw-0c7fd333304a57e4e",
            "owner_id": "428188582803",
            "tags": {
              "Name": "ArchTestInternetGateway"
            },
            "vpc_id": "vpc-005627076f43c4af4"
          },
          "private": "bnVsbA==",
          "dependencies": [
            "module.network.aws_vpc.archTestVPC"
          ]
        }
      ]
    },
    {
      "module": "module.autoscaling",
      "mode": "managed",
      "type": "aws_launch_configuration",
      "name": "archTestConfig",
      "provider": "provider.aws",
      "instances": [
        {
          "schema_version": 0,
          "attributes": {
            "arn": "arn:aws:autoscaling:us-east-1:428188582803:launchConfiguration:2f79b76e-20e8-4c40-ab9f-949fa8d775ec:launchConfigurationName/ArchTestEC2LC",
            "associate_public_ip_address": false,
            "ebs_block_device": [],
            "ebs_optimized": false,
            "enable_monitoring": true,
            "ephemeral_block_device": [],
            "iam_instance_profile": "",
            "id": "ArchTestEC2LC",
            "image_id": "ami-014572f10945d8cdb",
            "instance_type": "t2.micro",
            "key_name": "ssh_terraform",
            "name": "ArchTestEC2LC",
            "name_prefix": null,
            "placement_tenancy": null,
            "root_block_device": [],
            "security_groups": [
              "sg-0969155a6630a5098",
              "sg-0cf4d694df0a4ec92"
            ],
            "spot_price": "",
            "user_data": "23baaf5bce9a563b1b35e5e098b992d9aeee5176",
            "user_data_base64": null,
            "vpc_classic_link_id": "",
            "vpc_classic_link_security_groups": null
          },
          "private": "bnVsbA==",
          "dependencies": [
            "module.network.aws_security_group.arch_test_allow_app",
            "module.network.aws_security_group.arch_test_allow_ssh",
            "module.network.aws_security_group.arch_test_external_app",
            "module.network.aws_vpc.archTestVPC"
          ]
        }
      ]
    },
    {
      "module": "module.autoscaling",
      "mode": "managed",
      "type": "aws_lb",
      "name": "archTestLB",
      "provider": "provider.aws",
      "instances": [
        {
          "schema_version": 0,
          "attributes": {
            "access_logs": [
              {
                "bucket": "",
                "enabled": false,
                "prefix": ""
              }
            ],
            "arn": "arn:aws:elasticloadbalancing:us-east-1:428188582803:loadbalancer/app/ArchTestLB/efcf97f9c36c45df",
            "arn_suffix": "app/ArchTestLB/efcf97f9c36c45df",
            "dns_name": "ArchTestLB-110591832.us-east-1.elb.amazonaws.com",
            "drop_invalid_header_fields": false,
            "enable_cross_zone_load_balancing": null,
            "enable_deletion_protection": false,
            "enable_http2": true,
            "id": "arn:aws:elasticloadbalancing:us-east-1:428188582803:loadbalancer/app/ArchTestLB/efcf97f9c36c45df",
            "idle_timeout": 60,
            "internal": false,
            "ip_address_type": "ipv4",
            "load_balancer_type": "application",
            "name": "ArchTestLB",
            "name_prefix": null,
            "security_groups": [
              "sg-08e3ed3bf82337ae1"
            ],
            "subnet_mapping": [
              {
                "allocation_id": "",
                "subnet_id": "subnet-01e8f2847103b5d97"
              },
              {
                "allocation_id": "",
                "subnet_id": "subnet-085863a159c40600f"
              }
            ],
            "subnets": [
              "subnet-01e8f2847103b5d97",
              "subnet-085863a159c40600f"
            ],
            "tags": null,
            "timeouts": null,
            "vpc_id": "vpc-005627076f43c4af4",
            "zone_id": "Z35SXDOTRQ7X7K"
          },
          "private": "eyJlMmJmYjczMC1lY2FhLTExZTYtOGY4OC0zNDM2M2JjN2M0YzAiOnsiY3JlYXRlIjo2MDAwMDAwMDAwMDAsImRlbGV0ZSI6NjAwMDAwMDAwMDAwLCJ1cGRhdGUiOjYwMDAwMDAwMDAwMH19",
          "dependencies": [
            "module.network.aws_security_group.arch_test_external_app",
            "module.network.aws_subnet.publicSubNetEastA",
            "module.network.aws_subnet.publicSubNetEastB",
            "module.network.aws_vpc.archTestVPC"
          ]
        }
      ]
    },
    {
      "module": "module.autoscaling",
      "mode": "managed",
      "type": "aws_lb_listener",
      "name": "archTestLBListener",
      "provider": "provider.aws",
      "instances": [
        {
          "schema_version": 0,
          "attributes": {
            "arn": "arn:aws:elasticloadbalancing:us-east-1:428188582803:listener/app/ArchTestLB/efcf97f9c36c45df/42a1153b56165848",
            "certificate_arn": null,
            "default_action": [
              {
                "authenticate_cognito": [],
                "authenticate_oidc": [],
                "fixed_response": [],
                "order": 1,
                "redirect": [],
                "target_group_arn": "arn:aws:elasticloadbalancing:us-east-1:428188582803:targetgroup/ArchTestLB-TG/6af399d1a5291ed2",
                "type": "forward"
              }
            ],
            "id": "arn:aws:elasticloadbalancing:us-east-1:428188582803:listener/app/ArchTestLB/efcf97f9c36c45df/42a1153b56165848",
            "load_balancer_arn": "arn:aws:elasticloadbalancing:us-east-1:428188582803:loadbalancer/app/ArchTestLB/efcf97f9c36c45df",
            "port": 80,
            "protocol": "HTTP",
            "ssl_policy": "",
            "timeouts": null
          },
          "private": "eyJlMmJmYjczMC1lY2FhLTExZTYtOGY4OC0zNDM2M2JjN2M0YzAiOnsicmVhZCI6NjAwMDAwMDAwMDAwfX0=",
          "dependencies": [
            "module.autoscaling.aws_lb.archTestLB",
            "module.autoscaling.aws_lb_target_group.archTestLBTargetGroup",
            "module.network.aws_security_group.arch_test_external_app",
            "module.network.aws_subnet.publicSubNetEastA",
            "module.network.aws_subnet.publicSubNetEastB",
            "module.network.aws_vpc.archTestVPC"
          ]
        }
      ]
    },
    {
      "module": "module.autoscaling",
      "mode": "managed",
      "type": "aws_lb_listener_rule",
      "name": "archTestListenerRuleStatic",
      "provider": "provider.aws",
      "instances": [
        {
          "schema_version": 0,
          "attributes": {
            "action": [
              {
                "authenticate_cognito": [],
                "authenticate_oidc": [],
                "fixed_response": [],
                "order": 1,
                "redirect": [],
                "target_group_arn": "arn:aws:elasticloadbalancing:us-east-1:428188582803:targetgroup/ArchTestLB-TG/6af399d1a5291ed2",
                "type": "forward"
              }
            ],
            "arn": "arn:aws:elasticloadbalancing:us-east-1:428188582803:listener-rule/app/ArchTestLB/efcf97f9c36c45df/42a1153b56165848/667c88dbca5b2815",
            "condition": [
              {
                "field": "path-pattern",
                "host_header": [],
                "http_header": [],
                "http_request_method": [],
                "path_pattern": [
                  {
                    "values": [
                      "*"
                    ]
                  }
                ],
                "query_string": [],
                "source_ip": [],
                "values": [
                  "*"
                ]
              }
            ],
            "id": "arn:aws:elasticloadbalancing:us-east-1:428188582803:listener-rule/app/ArchTestLB/efcf97f9c36c45df/42a1153b56165848/667c88dbca5b2815",
            "listener_arn": "arn:aws:elasticloadbalancing:us-east-1:428188582803:listener/app/ArchTestLB/efcf97f9c36c45df/42a1153b56165848",
            "priority": 100
          },
          "private": "bnVsbA==",
          "dependencies": [
            "module.autoscaling.aws_lb.archTestLB",
            "module.autoscaling.aws_lb_listener.archTestLBListener",
            "module.autoscaling.aws_lb_target_group.archTestLBTargetGroup",
            "module.network.aws_security_group.arch_test_external_app",
            "module.network.aws_subnet.publicSubNetEastA",
            "module.network.aws_subnet.publicSubNetEastB",
            "module.network.aws_vpc.archTestVPC"
          ]
        }
      ]
    },
    {
      "module": "module.autoscaling",
      "mode": "managed",
      "type": "aws_lb_target_group",
      "name": "archTestLBTargetGroup",
      "provider": "provider.aws",
      "instances": [
        {
          "schema_version": 0,
          "attributes": {
            "arn": "arn:aws:elasticloadbalancing:us-east-1:428188582803:targetgroup/ArchTestLB-TG/6af399d1a5291ed2",
            "arn_suffix": "targetgroup/ArchTestLB-TG/6af399d1a5291ed2",
            "deregistration_delay": 300,
            "health_check": [
              {
                "enabled": true,
                "healthy_threshold": 3,
                "interval": 30,
                "matcher": "200",
                "path": "/healthCheck",
                "port": "traffic-port",
                "protocol": "HTTP",
                "timeout": 5,
                "unhealthy_threshold": 3
              }
            ],
            "id": "arn:aws:elasticloadbalancing:us-east-1:428188582803:targetgroup/ArchTestLB-TG/6af399d1a5291ed2",
            "lambda_multi_value_headers_enabled": false,
            "load_balancing_algorithm_type": "round_robin",
            "name": "ArchTestLB-TG",
            "name_prefix": null,
            "port": 8080,
            "protocol": "HTTP",
            "proxy_protocol_v2": false,
            "slow_start": 0,
            "stickiness": [
              {
                "cookie_duration": 86400,
                "enabled": false,
                "type": "lb_cookie"
              }
            ],
            "tags": null,
            "target_type": "instance",
            "vpc_id": "vpc-005627076f43c4af4"
          },
          "private": "bnVsbA==",
          "dependencies": [
            "module.network.aws_vpc.archTestVPC"
          ]
        }
      ]
    },
    {
      "module": "module.network",
      "mode": "managed",
      "type": "aws_main_route_table_association",
      "name": "archTestMainRouteTable",
      "provider": "provider.aws",
      "instances": [
        {
          "schema_version": 0,
          "attributes": {
            "id": "rtbassoc-0e106740b87cb5e81",
            "original_route_table_id": "rtb-0f48cdc1d15c6e145",
            "route_table_id": "rtb-07ec496ca57f13c78",
            "vpc_id": "vpc-005627076f43c4af4"
          },
          "private": "bnVsbA==",
          "dependencies": [
            "module.network.aws_eip.archTestNATIPEastA",
            "module.network.aws_nat_gateway.archTestNATEastA",
            "module.network.aws_route_table.archTestRouteAppA",
            "module.network.aws_route_table_association.archTestAssocAppA",
            "module.network.aws_subnet.appSubNetEastA",
            "module.network.aws_subnet.publicSubNetEastA",
            "module.network.aws_vpc.archTestVPC"
          ]
        }
      ]
    },
    {
      "module": "module.network",
      "mode": "managed",
      "type": "aws_nat_gateway",
      "name": "archTestNATEastA",
      "provider": "provider.aws",
      "instances": [
        {
          "schema_version": 0,
          "attributes": {
            "allocation_id": "eipalloc-030e3c8df4633ffe8",
            "id": "nat-026ff4dae59c0748f",
            "network_interface_id": "eni-05a00f077f1c34d26",
            "private_ip": "10.0.0.251",
            "public_ip": "3.233.51.167",
            "subnet_id": "subnet-01e8f2847103b5d97",
            "tags": {
              "Name": "NAT Gateway East A"
            }
          },
          "private": "bnVsbA==",
          "dependencies": [
            "module.network.aws_eip.archTestNATIPEastA",
            "module.network.aws_subnet.publicSubNetEastA",
            "module.network.aws_vpc.archTestVPC"
          ]
        }
      ]
    },
    {
      "module": "module.network",
      "mode": "managed",
      "type": "aws_nat_gateway",
      "name": "archTestNATEastB",
      "provider": "provider.aws",
      "instances": [
        {
          "schema_version": 0,
          "attributes": {
            "allocation_id": "eipalloc-06351db8856915bf1",
            "id": "nat-0e4348615e5359eca",
            "network_interface_id": "eni-0eadc62f5767331ba",
            "private_ip": "10.0.2.148",
            "public_ip": "54.204.107.39",
            "subnet_id": "subnet-085863a159c40600f",
            "tags": {
              "Name": "NAT Gateway East B"
            }
          },
          "private": "bnVsbA==",
          "dependencies": [
            "module.network.aws_eip.archTestNATIPEastB",
            "module.network.aws_subnet.publicSubNetEastB",
            "module.network.aws_vpc.archTestVPC"
          ]
        }
      ]
    },
    {
      "module": "module.network",
      "mode": "managed",
      "type": "aws_route_table",
      "name": "archTestRouteAppA",
      "provider": "provider.aws",
      "instances": [
        {
          "schema_version": 0,
          "attributes": {
            "id": "rtb-07ec496ca57f13c78",
            "owner_id": "428188582803",
            "propagating_vgws": [],
            "route": [
              {
                "cidr_block": "0.0.0.0/0",
                "egress_only_gateway_id": "",
                "gateway_id": "nat-026ff4dae59c0748f",
                "instance_id": "",
                "ipv6_cidr_block": "",
                "nat_gateway_id": "",
                "network_interface_id": "",
                "transit_gateway_id": "",
                "vpc_peering_connection_id": ""
              }
            ],
            "tags": {
              "Name": "A App Route Gateway"
            },
            "vpc_id": "vpc-005627076f43c4af4"
          },
          "private": "bnVsbA==",
          "dependencies": [
            "module.network.aws_eip.archTestNATIPEastA",
            "module.network.aws_nat_gateway.archTestNATEastA",
            "module.network.aws_subnet.publicSubNetEastA",
            "module.network.aws_vpc.archTestVPC"
          ]
        }
      ]
    },
    {
      "module": "module.network",
      "mode": "managed",
      "type": "aws_route_table",
      "name": "archTestRouteAppB",
      "provider": "provider.aws",
      "instances": [
        {
          "schema_version": 0,
          "attributes": {
            "id": "rtb-03a1bef7ab5bdaf66",
            "owner_id": "428188582803",
            "propagating_vgws": [],
            "route": [
              {
                "cidr_block": "0.0.0.0/0",
                "egress_only_gateway_id": "",
                "gateway_id": "nat-0e4348615e5359eca",
                "instance_id": "",
                "ipv6_cidr_block": "",
                "nat_gateway_id": "",
                "network_interface_id": "",
                "transit_gateway_id": "",
                "vpc_peering_connection_id": ""
              }
            ],
            "tags": {
              "Name": "B App Route Gateway"
            },
            "vpc_id": "vpc-005627076f43c4af4"
          },
          "private": "bnVsbA==",
          "dependencies": [
            "module.network.aws_eip.archTestNATIPEastB",
            "module.network.aws_nat_gateway.archTestNATEastB",
            "module.network.aws_subnet.publicSubNetEastB",
            "module.network.aws_vpc.archTestVPC"
          ]
        }
      ]
    },
    {
      "module": "module.network",
      "mode": "managed",
      "type": "aws_route_table",
      "name": "archTestRoutePublicA",
      "provider": "provider.aws",
      "instances": [
        {
          "schema_version": 0,
          "attributes": {
            "id": "rtb-0b06b73a3ef6c8635",
            "owner_id": "428188582803",
            "propagating_vgws": [],
            "route": [
              {
                "cidr_block": "0.0.0.0/0",
                "egress_only_gateway_id": "",
                "gateway_id": "igw-0c7fd333304a57e4e",
                "instance_id": "",
                "ipv6_cidr_block": "",
                "nat_gateway_id": "",
                "network_interface_id": "",
                "transit_gateway_id": "",
                "vpc_peering_connection_id": ""
              }
            ],
            "tags": {
              "Name": "Public Route Gateway"
            },
            "vpc_id": "vpc-005627076f43c4af4"
          },
          "private": "bnVsbA==",
          "dependencies": [
            "module.network.aws_internet_gateway.archTestInternetGateway",
            "module.network.aws_vpc.archTestVPC"
          ]
        }
      ]
    },
    {
      "module": "module.network",
      "mode": "managed",
      "type": "aws_route_table_association",
      "name": "archTestAssocAppA",
      "provider": "provider.aws",
      "instances": [
        {
          "schema_version": 0,
          "attributes": {
            "gateway_id": null,
            "id": "rtbassoc-0d270df84b370316e",
            "route_table_id": "rtb-07ec496ca57f13c78",
            "subnet_id": "subnet-00b05f83a35e3742f"
          },
          "private": "bnVsbA==",
          "dependencies": [
            "module.network.aws_eip.archTestNATIPEastA",
            "module.network.aws_nat_gateway.archTestNATEastA",
            "module.network.aws_route_table.archTestRouteAppA",
            "module.network.aws_subnet.appSubNetEastA",
            "module.network.aws_subnet.publicSubNetEastA",
            "module.network.aws_vpc.archTestVPC"
          ]
        }
      ]
    },
    {
      "module": "module.network",
      "mode": "managed",
      "type": "aws_route_table_association",
      "name": "archTestAssocAppB",
      "provider": "provider.aws",
      "instances": [
        {
          "schema_version": 0,
          "attributes": {
            "gateway_id": null,
            "id": "rtbassoc-03628acc48237bb7b",
            "route_table_id": "rtb-03a1bef7ab5bdaf66",
            "subnet_id": "subnet-0f9a52754df8838bb"
          },
          "private": "bnVsbA==",
          "dependencies": [
            "module.network.aws_eip.archTestNATIPEastB",
            "module.network.aws_nat_gateway.archTestNATEastB",
            "module.network.aws_route_table.archTestRouteAppB",
            "module.network.aws_subnet.appSubNetEastB",
            "module.network.aws_subnet.publicSubNetEastB",
            "module.network.aws_vpc.archTestVPC"
          ]
        }
      ]
    },
    {
      "module": "module.network",
      "mode": "managed",
      "type": "aws_route_table_association",
      "name": "archTestAssocPublicA",
      "each": "list",
      "provider": "provider.aws",
      "instances": [
        {
          "index_key": 0,
          "schema_version": 0,
          "attributes": {
            "gateway_id": null,
            "id": "rtbassoc-09456dbeade88f7cc",
            "route_table_id": "rtb-0b06b73a3ef6c8635",
            "subnet_id": "subnet-01e8f2847103b5d97"
          },
          "private": "bnVsbA==",
          "dependencies": [
            "module.network.aws_internet_gateway.archTestInternetGateway",
            "module.network.aws_route_table.archTestRoutePublicA",
            "module.network.aws_subnet.publicSubNetEastA",
            "module.network.aws_subnet.publicSubNetEastB",
            "module.network.aws_vpc.archTestVPC"
          ]
        },
        {
          "index_key": 1,
          "schema_version": 0,
          "attributes": {
            "gateway_id": null,
            "id": "rtbassoc-09cc416893eedae0b",
            "route_table_id": "rtb-0b06b73a3ef6c8635",
            "subnet_id": "subnet-085863a159c40600f"
          },
          "private": "bnVsbA==",
          "dependencies": [
            "module.network.aws_internet_gateway.archTestInternetGateway",
            "module.network.aws_route_table.archTestRoutePublicA",
            "module.network.aws_subnet.publicSubNetEastA",
            "module.network.aws_subnet.publicSubNetEastB",
            "module.network.aws_vpc.archTestVPC"
          ]
        }
      ]
    },
    {
      "module": "module.network",
      "mode": "managed",
      "type": "aws_security_group",
      "name": "arch_test_allow_app",
      "provider": "provider.aws",
      "instances": [
        {
          "schema_version": 1,
          "attributes": {
            "arn": "arn:aws:ec2:us-east-1:428188582803:security-group/sg-0cf4d694df0a4ec92",
            "description": "Allow App 8080 inbound traffic",
            "egress": [
              {
                "cidr_blocks": [
                  "0.0.0.0/0"
                ],
                "description": "",
                "from_port": 0,
                "ipv6_cidr_blocks": [],
                "prefix_list_ids": [],
                "protocol": "-1",
                "security_groups": [],
                "self": false,
                "to_port": 0
              }
            ],
            "id": "sg-0cf4d694df0a4ec92",
            "ingress": [
              {
                "cidr_blocks": [],
                "description": "80 from VPC",
                "from_port": 8080,
                "ipv6_cidr_blocks": [],
                "prefix_list_ids": [],
                "protocol": "tcp",
                "security_groups": [
                  "sg-08e3ed3bf82337ae1"
                ],
                "self": false,
                "to_port": 8080
              },
              {
                "cidr_blocks": [],
                "description": "8080 from VPC",
                "from_port": 80,
                "ipv6_cidr_blocks": [],
                "prefix_list_ids": [],
                "protocol": "tcp",
                "security_groups": [
                  "sg-08e3ed3bf82337ae1"
                ],
                "self": false,
                "to_port": 80
              }
            ],
            "name": "Arch Test allow App",
            "name_prefix": null,
            "owner_id": "428188582803",
            "revoke_rules_on_delete": false,
            "tags": null,
            "timeouts": null,
            "vpc_id": "vpc-005627076f43c4af4"
          },
          "private": "eyJlMmJmYjczMC1lY2FhLTExZTYtOGY4OC0zNDM2M2JjN2M0YzAiOnsiY3JlYXRlIjo2MDAwMDAwMDAwMDAsImRlbGV0ZSI6NjAwMDAwMDAwMDAwfSwic2NoZW1hX3ZlcnNpb24iOiIxIn0=",
          "dependencies": [
            "module.network.aws_security_group.arch_test_external_app",
            "module.network.aws_vpc.archTestVPC"
          ]
        }
      ]
    },
    {
      "module": "module.network",
      "mode": "managed",
      "type": "aws_security_group",
      "name": "arch_test_allow_ssh",
      "provider": "provider.aws",
      "instances": [
        {
          "schema_version": 1,
          "attributes": {
            "arn": "arn:aws:ec2:us-east-1:428188582803:security-group/sg-0969155a6630a5098",
            "description": "Allow SSH inbound traffic",
            "egress": [
              {
                "cidr_blocks": [
                  "0.0.0.0/0"
                ],
                "description": "",
                "from_port": 0,
                "ipv6_cidr_blocks": [],
                "prefix_list_ids": [],
                "protocol": "-1",
                "security_groups": [],
                "self": false,
                "to_port": 0
              }
            ],
            "id": "sg-0969155a6630a5098",
            "ingress": [
              {
                "cidr_blocks": [
                  "0.0.0.0/0"
                ],
                "description": "SSH from Anywhere",
                "from_port": 22,
                "ipv6_cidr_blocks": [],
                "prefix_list_ids": [],
                "protocol": "tcp",
                "security_groups": [],
                "self": false,
                "to_port": 22
              }
            ],
            "name": "Arch Test Allow SSH",
            "name_prefix": null,
            "owner_id": "428188582803",
            "revoke_rules_on_delete": false,
            "tags": null,
            "timeouts": null,
            "vpc_id": "vpc-005627076f43c4af4"
          },
          "private": "eyJlMmJmYjczMC1lY2FhLTExZTYtOGY4OC0zNDM2M2JjN2M0YzAiOnsiY3JlYXRlIjo2MDAwMDAwMDAwMDAsImRlbGV0ZSI6NjAwMDAwMDAwMDAwfSwic2NoZW1hX3ZlcnNpb24iOiIxIn0=",
          "dependencies": [
            "module.network.aws_vpc.archTestVPC"
          ]
        }
      ]
    },
    {
      "module": "module.network",
      "mode": "managed",
      "type": "aws_security_group",
      "name": "arch_test_external_app",
      "provider": "provider.aws",
      "instances": [
        {
          "schema_version": 1,
          "attributes": {
            "arn": "arn:aws:ec2:us-east-1:428188582803:security-group/sg-08e3ed3bf82337ae1",
            "description": "Allow App 8080 inbound traffic",
            "egress": [
              {
                "cidr_blocks": [
                  "0.0.0.0/0"
                ],
                "description": "",
                "from_port": 0,
                "ipv6_cidr_blocks": [],
                "prefix_list_ids": [],
                "protocol": "-1",
                "security_groups": [],
                "self": false,
                "to_port": 0
              }
            ],
            "id": "sg-08e3ed3bf82337ae1",
            "ingress": [
              {
                "cidr_blocks": [
                  "0.0.0.0/0"
                ],
                "description": "Inbound external",
                "from_port": 80,
                "ipv6_cidr_blocks": [
                  "::/0"
                ],
                "prefix_list_ids": [],
                "protocol": "tcp",
                "security_groups": [],
                "self": false,
                "to_port": 80
              }
            ],
            "name": "Arch Test Allow External App",
            "name_prefix": null,
            "owner_id": "428188582803",
            "revoke_rules_on_delete": false,
            "tags": null,
            "timeouts": null,
            "vpc_id": "vpc-005627076f43c4af4"
          },
          "private": "eyJlMmJmYjczMC1lY2FhLTExZTYtOGY4OC0zNDM2M2JjN2M0YzAiOnsiY3JlYXRlIjo2MDAwMDAwMDAwMDAsImRlbGV0ZSI6NjAwMDAwMDAwMDAwfSwic2NoZW1hX3ZlcnNpb24iOiIxIn0=",
          "dependencies": [
            "module.network.aws_vpc.archTestVPC"
          ]
        }
      ]
    },
    {
      "module": "module.network",
      "mode": "managed",
      "type": "aws_subnet",
      "name": "appSubNetEastA",
      "provider": "provider.aws",
      "instances": [
        {
          "schema_version": 1,
          "attributes": {
            "arn": "arn:aws:ec2:us-east-1:428188582803:subnet/subnet-00b05f83a35e3742f",
            "assign_ipv6_address_on_creation": false,
            "availability_zone": "us-east-1a",
            "availability_zone_id": "use1-az6",
            "cidr_block": "10.0.1.0/24",
            "id": "subnet-00b05f83a35e3742f",
            "ipv6_cidr_block": "",
            "ipv6_cidr_block_association_id": "",
            "map_public_ip_on_launch": false,
            "outpost_arn": "",
            "owner_id": "428188582803",
            "tags": {
              "Name": "Arch Test - App Subnet A"
            },
            "timeouts": null,
            "vpc_id": "vpc-005627076f43c4af4"
          },
          "private": "eyJlMmJmYjczMC1lY2FhLTExZTYtOGY4OC0zNDM2M2JjN2M0YzAiOnsiY3JlYXRlIjo2MDAwMDAwMDAwMDAsImRlbGV0ZSI6MTIwMDAwMDAwMDAwMH0sInNjaGVtYV92ZXJzaW9uIjoiMSJ9",
          "dependencies": [
            "module.network.aws_vpc.archTestVPC"
          ]
        }
      ]
    },
    {
      "module": "module.network",
      "mode": "managed",
      "type": "aws_subnet",
      "name": "appSubNetEastB",
      "provider": "provider.aws",
      "instances": [
        {
          "schema_version": 1,
          "attributes": {
            "arn": "arn:aws:ec2:us-east-1:428188582803:subnet/subnet-0f9a52754df8838bb",
            "assign_ipv6_address_on_creation": false,
            "availability_zone": "us-east-1b",
            "availability_zone_id": "use1-az1",
            "cidr_block": "10.0.3.0/24",
            "id": "subnet-0f9a52754df8838bb",
            "ipv6_cidr_block": "",
            "ipv6_cidr_block_association_id": "",
            "map_public_ip_on_launch": false,
            "outpost_arn": "",
            "owner_id": "428188582803",
            "tags": {
              "Name": "Arch Test - App Subnet B"
            },
            "timeouts": null,
            "vpc_id": "vpc-005627076f43c4af4"
          },
          "private": "eyJlMmJmYjczMC1lY2FhLTExZTYtOGY4OC0zNDM2M2JjN2M0YzAiOnsiY3JlYXRlIjo2MDAwMDAwMDAwMDAsImRlbGV0ZSI6MTIwMDAwMDAwMDAwMH0sInNjaGVtYV92ZXJzaW9uIjoiMSJ9",
          "dependencies": [
            "module.network.aws_vpc.archTestVPC"
          ]
        }
      ]
    },
    {
      "module": "module.network",
      "mode": "managed",
      "type": "aws_subnet",
      "name": "publicSubNetEastA",
      "provider": "provider.aws",
      "instances": [
        {
          "schema_version": 1,
          "attributes": {
            "arn": "arn:aws:ec2:us-east-1:428188582803:subnet/subnet-01e8f2847103b5d97",
            "assign_ipv6_address_on_creation": false,
            "availability_zone": "us-east-1a",
            "availability_zone_id": "use1-az6",
            "cidr_block": "10.0.0.0/24",
            "id": "subnet-01e8f2847103b5d97",
            "ipv6_cidr_block": "",
            "ipv6_cidr_block_association_id": "",
            "map_public_ip_on_launch": false,
            "outpost_arn": "",
            "owner_id": "428188582803",
            "tags": {
              "Name": "Arch Test - Public Subnet A"
            },
            "timeouts": null,
            "vpc_id": "vpc-005627076f43c4af4"
          },
          "private": "eyJlMmJmYjczMC1lY2FhLTExZTYtOGY4OC0zNDM2M2JjN2M0YzAiOnsiY3JlYXRlIjo2MDAwMDAwMDAwMDAsImRlbGV0ZSI6MTIwMDAwMDAwMDAwMH0sInNjaGVtYV92ZXJzaW9uIjoiMSJ9",
          "dependencies": [
            "module.network.aws_vpc.archTestVPC"
          ]
        }
      ]
    },
    {
      "module": "module.network",
      "mode": "managed",
      "type": "aws_subnet",
      "name": "publicSubNetEastB",
      "provider": "provider.aws",
      "instances": [
        {
          "schema_version": 1,
          "attributes": {
            "arn": "arn:aws:ec2:us-east-1:428188582803:subnet/subnet-085863a159c40600f",
            "assign_ipv6_address_on_creation": false,
            "availability_zone": "us-east-1b",
            "availability_zone_id": "use1-az1",
            "cidr_block": "10.0.2.0/24",
            "id": "subnet-085863a159c40600f",
            "ipv6_cidr_block": "",
            "ipv6_cidr_block_association_id": "",
            "map_public_ip_on_launch": false,
            "outpost_arn": "",
            "owner_id": "428188582803",
            "tags": {
              "Name": "Arch Test - Public Subnet B"
            },
            "timeouts": null,
            "vpc_id": "vpc-005627076f43c4af4"
          },
          "private": "eyJlMmJmYjczMC1lY2FhLTExZTYtOGY4OC0zNDM2M2JjN2M0YzAiOnsiY3JlYXRlIjo2MDAwMDAwMDAwMDAsImRlbGV0ZSI6MTIwMDAwMDAwMDAwMH0sInNjaGVtYV92ZXJzaW9uIjoiMSJ9",
          "dependencies": [
            "module.network.aws_vpc.archTestVPC"
          ]
        }
      ]
    },
    {
      "module": "module.network",
      "mode": "managed",
      "type": "aws_vpc",
      "name": "archTestVPC",
      "provider": "provider.aws",
      "instances": [
        {
          "schema_version": 1,
          "attributes": {
            "arn": "arn:aws:ec2:us-east-1:428188582803:vpc/vpc-005627076f43c4af4",
            "assign_generated_ipv6_cidr_block": false,
            "cidr_block": "10.0.0.0/16",
            "default_network_acl_id": "acl-01b04f3e8d513b11d",
            "default_route_table_id": "rtb-0f48cdc1d15c6e145",
            "default_security_group_id": "sg-04d013c8938bfed31",
            "dhcp_options_id": "dopt-336baa56",
            "enable_classiclink": false,
            "enable_classiclink_dns_support": false,
            "enable_dns_hostnames": true,
            "enable_dns_support": true,
            "id": "vpc-005627076f43c4af4",
            "instance_tenancy": "default",
            "ipv6_association_id": "",
            "ipv6_cidr_block": "",
            "main_route_table_id": "rtb-0f48cdc1d15c6e145",
            "owner_id": "428188582803",
            "tags": {
              "Name": "ArchTestVPC"
            }
          },
          "private": "eyJzY2hlbWFfdmVyc2lvbiI6IjEifQ=="
        }
      ]
    }
  ]
}
