{
  "version": 4,
  "terraform_version": "0.12.24",
  "serial": 106,
  "lineage": "b791d87f-9256-4362-ce21-23da2c6a010c",
  "outputs": {},
  "resources": [
    {
      "module": "module.autoscaling",
      "mode": "data",
      "type": "aws_ami",
      "name": "image",
      "provider": "provider.aws",
      "instances": [
        {
          "schema_version": 0,
          "attributes": {
            "architecture": "x86_64",
            "block_device_mappings": [
              {
                "device_name": "/dev/xvda",
                "ebs": {
                  "delete_on_termination": "true",
                  "encrypted": "false",
                  "iops": "0",
                  "snapshot_id": "snap-072c1d9c7f15c7d1f",
                  "volume_size": "8",
                  "volume_type": "gp2"
                },
                "no_device": "",
                "virtual_name": ""
              }
            ],
            "creation_date": "2020-05-14T15:02:29.000Z",
            "description": null,
            "executable_users": null,
            "filter": [
              {
                "name": "tag:Name",
                "values": [
                  "archTestIlegraAMI"
                ]
              }
            ],
            "hypervisor": "xen",
            "id": "ami-08345b8baf7596c42",
            "image_id": "ami-08345b8baf7596c42",
            "image_location": "428188582803/packer-with-ansible-java-logs-microservice-redis-1589466505",
            "image_owner_alias": null,
            "image_type": "machine",
            "kernel_id": null,
            "most_recent": true,
            "name": "packer-with-ansible-java-logs-microservice-redis-1589466505",
            "name_regex": null,
            "owner_id": "428188582803",
            "owners": [
              "self"
            ],
            "platform": null,
            "product_codes": [],
            "public": false,
            "ramdisk_id": null,
            "root_device_name": "/dev/xvda",
            "root_device_type": "ebs",
            "root_snapshot_id": "snap-072c1d9c7f15c7d1f",
            "sriov_net_support": "simple",
            "state": "available",
            "state_reason": {
              "code": "UNSET",
              "message": "UNSET"
            },
            "tags": {
              "Name": "archTestIlegraAMI"
            },
            "virtualization_type": "hvm"
          }
        }
      ]
    },
    {
      "module": "module.autoscaling",
      "mode": "managed",
      "type": "aws_autoscaling_group",
      "name": "archTestAutoscalingGroup",
      "provider": "provider.aws",
      "instances": [
        {
          "schema_version": 0,
          "attributes": {
            "arn": "arn:aws:autoscaling:us-east-1:428188582803:autoScalingGroup:c19ec428-ee6b-4099-8f10-77f398f13caf:autoScalingGroupName/ArchTestAutoscalingGroup",
            "availability_zones": [
              "us-east-1a",
              "us-east-1b"
            ],
            "default_cooldown": 300,
            "desired_capacity": 1,
            "enabled_metrics": [],
            "force_delete": true,
            "health_check_grace_period": 300,
            "health_check_type": "EC2",
            "id": "ArchTestAutoscalingGroup",
            "initial_lifecycle_hook": [],
            "launch_configuration": "ArchTestEC2LC",
            "launch_template": [],
            "load_balancers": [],
            "max_instance_lifetime": 0,
            "max_size": 1,
            "metrics_granularity": "1Minute",
            "min_elb_capacity": null,
            "min_size": 1,
            "mixed_instances_policy": [],
            "name": "ArchTestAutoscalingGroup",
            "name_prefix": null,
            "placement_group": "",
            "protect_from_scale_in": false,
            "service_linked_role_arn": "arn:aws:iam::428188582803:role/aws-service-role/autoscaling.amazonaws.com/AWSServiceRoleForAutoScaling",
            "suspended_processes": [],
            "tag": [],
            "tags": null,
            "target_group_arns": [
              "arn:aws:elasticloadbalancing:us-east-1:428188582803:targetgroup/ArchTestLB-TG/c9659ade967eec8a"
            ],
            "termination_policies": [],
            "timeouts": null,
            "vpc_zone_identifier": [
              "subnet-00b48e1d5521cef8a",
              "subnet-07fbdec81bf2169a8"
            ],
            "wait_for_capacity_timeout": "10m",
            "wait_for_elb_capacity": null
          },
          "private": "eyJlMmJmYjczMC1lY2FhLTExZTYtOGY4OC0zNDM2M2JjN2M0YzAiOnsiZGVsZXRlIjo2MDAwMDAwMDAwMDB9fQ==",
          "dependencies": [
            "module.autoscaling.aws_launch_configuration.archTestConfig",
            "module.autoscaling.aws_lb_target_group.archTestLBTargetGroup",
            "module.network.aws_subnet.appSubNetEastA",
            "module.network.aws_subnet.appSubNetEastB"
          ]
        }
      ]
    },
    {
      "module": "module.network",
      "mode": "managed",
      "type": "aws_eip",
      "name": "archTestNATIPEastA",
      "provider": "provider.aws",
      "instances": [
        {
          "schema_version": 0,
          "attributes": {
            "allocation_id": null,
            "associate_with_private_ip": null,
            "association_id": "eipassoc-0eacdc7560c362514",
            "customer_owned_ip": "",
            "customer_owned_ipv4_pool": "",
            "domain": "vpc",
            "id": "eipalloc-088734911d8aef723",
            "instance": "",
            "network_interface": "eni-0fa48e563c848b47b",
            "private_dns": "ip-10-0-0-19.ec2.internal",
            "private_ip": "10.0.0.19",
            "public_dns": "ec2-3-231-69-31.compute-1.amazonaws.com",
            "public_ip": "3.231.69.31",
            "public_ipv4_pool": "amazon",
            "tags": {
              "Name": "Arch Test - Elastic IP Subnet A"
            },
            "timeouts": null,
            "vpc": true
          },
          "private": "eyJlMmJmYjczMC1lY2FhLTExZTYtOGY4OC0zNDM2M2JjN2M0YzAiOnsiZGVsZXRlIjoxODAwMDAwMDAwMDAsInJlYWQiOjkwMDAwMDAwMDAwMCwidXBkYXRlIjozMDAwMDAwMDAwMDB9fQ=="
        }
      ]
    },
    {
      "module": "module.network",
      "mode": "managed",
      "type": "aws_eip",
      "name": "archTestNATIPEastB",
      "provider": "provider.aws",
      "instances": [
        {
          "schema_version": 0,
          "attributes": {
            "allocation_id": null,
            "associate_with_private_ip": null,
            "association_id": "eipassoc-0db128417a4392e8b",
            "customer_owned_ip": "",
            "customer_owned_ipv4_pool": "",
            "domain": "vpc",
            "id": "eipalloc-0f540aaee8b679e89",
            "instance": "",
            "network_interface": "eni-03a53c5d55b66d440",
            "private_dns": "ip-10-0-2-248.ec2.internal",
            "private_ip": "10.0.2.248",
            "public_dns": "ec2-52-20-249-196.compute-1.amazonaws.com",
            "public_ip": "52.20.249.196",
            "public_ipv4_pool": "amazon",
            "tags": {
              "Name": "Arch Test - Elastic IP Subnet B"
            },
            "timeouts": null,
            "vpc": true
          },
          "private": "eyJlMmJmYjczMC1lY2FhLTExZTYtOGY4OC0zNDM2M2JjN2M0YzAiOnsiZGVsZXRlIjoxODAwMDAwMDAwMDAsInJlYWQiOjkwMDAwMDAwMDAwMCwidXBkYXRlIjozMDAwMDAwMDAwMDB9fQ=="
        }
      ]
    },
    {
      "module": "module.network",
      "mode": "managed",
      "type": "aws_internet_gateway",
      "name": "archTestInternetGateway",
      "provider": "provider.aws",
      "instances": [
        {
          "schema_version": 0,
          "attributes": {
            "id": "igw-099d54cdb8e5fdfcf",
            "owner_id": "428188582803",
            "tags": {
              "Name": "ArchTestInternetGateway"
            },
            "vpc_id": "vpc-098440541a0dcb5fb"
          },
          "private": "bnVsbA==",
          "dependencies": [
            "module.network.aws_vpc.archTestVPC"
          ]
        }
      ]
    },
    {
      "module": "module.autoscaling",
      "mode": "managed",
      "type": "aws_launch_configuration",
      "name": "archTestConfig",
      "provider": "provider.aws",
      "instances": [
        {
          "schema_version": 0,
          "attributes": {
            "arn": "arn:aws:autoscaling:us-east-1:428188582803:launchConfiguration:d828ce70-6737-4919-9235-4e41a61b9162:launchConfigurationName/ArchTestEC2LC",
            "associate_public_ip_address": true,
            "ebs_block_device": [],
            "ebs_optimized": false,
            "enable_monitoring": true,
            "ephemeral_block_device": [],
            "iam_instance_profile": "",
            "id": "ArchTestEC2LC",
            "image_id": "ami-08345b8baf7596c42",
            "instance_type": "t2.micro",
            "key_name": "ssh_terraform",
            "name": "ArchTestEC2LC",
            "name_prefix": null,
            "placement_tenancy": null,
            "root_block_device": [],
            "security_groups": [
              "sg-0311bd6b195455fe4",
              "sg-0ca58986128dd0bb0"
            ],
            "spot_price": "",
            "user_data": "23baaf5bce9a563b1b35e5e098b992d9aeee5176",
            "user_data_base64": null,
            "vpc_classic_link_id": "",
            "vpc_classic_link_security_groups": []
          },
          "private": "bnVsbA==",
          "dependencies": [
            "module.network.aws_security_group.arch_test_allow_app",
            "module.network.aws_security_group.arch_test_allow_ssh",
            "module.network.aws_security_group.arch_test_external_app",
            "module.network.aws_vpc.archTestVPC"
          ]
        }
      ]
    },
    {
      "module": "module.autoscaling",
      "mode": "managed",
      "type": "aws_lb",
      "name": "archTestLB",
      "provider": "provider.aws",
      "instances": [
        {
          "schema_version": 0,
          "attributes": {
            "access_logs": [
              {
                "bucket": "",
                "enabled": false,
                "prefix": ""
              }
            ],
            "arn": "arn:aws:elasticloadbalancing:us-east-1:428188582803:loadbalancer/app/ArchTestLB/795b95a75425b025",
            "arn_suffix": "app/ArchTestLB/795b95a75425b025",
            "dns_name": "ArchTestLB-609693341.us-east-1.elb.amazonaws.com",
            "drop_invalid_header_fields": false,
            "enable_cross_zone_load_balancing": null,
            "enable_deletion_protection": false,
            "enable_http2": true,
            "id": "arn:aws:elasticloadbalancing:us-east-1:428188582803:loadbalancer/app/ArchTestLB/795b95a75425b025",
            "idle_timeout": 60,
            "internal": false,
            "ip_address_type": "ipv4",
            "load_balancer_type": "application",
            "name": "ArchTestLB",
            "name_prefix": null,
            "security_groups": [
              "sg-0667b5b220be86c75"
            ],
            "subnet_mapping": [
              {
                "allocation_id": "",
                "subnet_id": "subnet-039ea9a75feb31f72"
              },
              {
                "allocation_id": "",
                "subnet_id": "subnet-04ee1fbe2d7e19c93"
              }
            ],
            "subnets": [
              "subnet-039ea9a75feb31f72",
              "subnet-04ee1fbe2d7e19c93"
            ],
            "tags": {},
            "timeouts": null,
            "vpc_id": "vpc-098440541a0dcb5fb",
            "zone_id": "Z35SXDOTRQ7X7K"
          },
          "private": "eyJlMmJmYjczMC1lY2FhLTExZTYtOGY4OC0zNDM2M2JjN2M0YzAiOnsiY3JlYXRlIjo2MDAwMDAwMDAwMDAsImRlbGV0ZSI6NjAwMDAwMDAwMDAwLCJ1cGRhdGUiOjYwMDAwMDAwMDAwMH19",
          "dependencies": [
            "module.network.aws_security_group.arch_test_external_app",
            "module.network.aws_subnet.publicSubNetEastA",
            "module.network.aws_subnet.publicSubNetEastB",
            "module.network.aws_vpc.archTestVPC"
          ]
        }
      ]
    },
    {
      "module": "module.autoscaling",
      "mode": "managed",
      "type": "aws_lb_listener",
      "name": "archTestLBListener",
      "provider": "provider.aws",
      "instances": [
        {
          "schema_version": 0,
          "attributes": {
            "arn": "arn:aws:elasticloadbalancing:us-east-1:428188582803:listener/app/ArchTestLB/795b95a75425b025/dc54ec1079182a88",
            "certificate_arn": null,
            "default_action": [
              {
                "authenticate_cognito": [],
                "authenticate_oidc": [],
                "fixed_response": [],
                "order": 1,
                "redirect": [],
                "target_group_arn": "arn:aws:elasticloadbalancing:us-east-1:428188582803:targetgroup/ArchTestLB-TG/c9659ade967eec8a",
                "type": "forward"
              }
            ],
            "id": "arn:aws:elasticloadbalancing:us-east-1:428188582803:listener/app/ArchTestLB/795b95a75425b025/dc54ec1079182a88",
            "load_balancer_arn": "arn:aws:elasticloadbalancing:us-east-1:428188582803:loadbalancer/app/ArchTestLB/795b95a75425b025",
            "port": 80,
            "protocol": "HTTP",
            "ssl_policy": "",
            "timeouts": null
          },
          "private": "eyJlMmJmYjczMC1lY2FhLTExZTYtOGY4OC0zNDM2M2JjN2M0YzAiOnsicmVhZCI6NjAwMDAwMDAwMDAwfX0=",
          "dependencies": [
            "module.autoscaling.aws_lb.archTestLB",
            "module.autoscaling.aws_lb_target_group.archTestLBTargetGroup"
          ]
        }
      ]
    },
    {
      "module": "module.autoscaling",
      "mode": "managed",
      "type": "aws_lb_listener_rule",
      "name": "archTestListenerRuleStatic",
      "provider": "provider.aws",
      "instances": [
        {
          "schema_version": 0,
          "attributes": {
            "action": [
              {
                "authenticate_cognito": [],
                "authenticate_oidc": [],
                "fixed_response": [],
                "order": 1,
                "redirect": [],
                "target_group_arn": "arn:aws:elasticloadbalancing:us-east-1:428188582803:targetgroup/ArchTestLB-TG/c9659ade967eec8a",
                "type": "forward"
              }
            ],
            "arn": "arn:aws:elasticloadbalancing:us-east-1:428188582803:listener-rule/app/ArchTestLB/795b95a75425b025/dc54ec1079182a88/b2328aef287e8771",
            "condition": [
              {
                "field": "path-pattern",
                "host_header": [],
                "http_header": [],
                "http_request_method": [],
                "path_pattern": [
                  {
                    "values": [
                      "*"
                    ]
                  }
                ],
                "query_string": [],
                "source_ip": [],
                "values": [
                  "*"
                ]
              }
            ],
            "id": "arn:aws:elasticloadbalancing:us-east-1:428188582803:listener-rule/app/ArchTestLB/795b95a75425b025/dc54ec1079182a88/b2328aef287e8771",
            "listener_arn": "arn:aws:elasticloadbalancing:us-east-1:428188582803:listener/app/ArchTestLB/795b95a75425b025/dc54ec1079182a88",
            "priority": 100
          },
          "private": "bnVsbA==",
          "dependencies": [
            "module.autoscaling.aws_lb.archTestLB",
            "module.autoscaling.aws_lb_listener.archTestLBListener",
            "module.autoscaling.aws_lb_target_group.archTestLBTargetGroup"
          ]
        }
      ]
    },
    {
      "module": "module.autoscaling",
      "mode": "managed",
      "type": "aws_lb_target_group",
      "name": "archTestLBTargetGroup",
      "provider": "provider.aws",
      "instances": [
        {
          "schema_version": 0,
          "attributes": {
            "arn": "arn:aws:elasticloadbalancing:us-east-1:428188582803:targetgroup/ArchTestLB-TG/c9659ade967eec8a",
            "arn_suffix": "targetgroup/ArchTestLB-TG/c9659ade967eec8a",
            "deregistration_delay": 300,
            "health_check": [
              {
                "enabled": true,
                "healthy_threshold": 3,
                "interval": 30,
                "matcher": "200",
                "path": "/healthCheck",
                "port": "traffic-port",
                "protocol": "HTTP",
                "timeout": 5,
                "unhealthy_threshold": 3
              }
            ],
            "id": "arn:aws:elasticloadbalancing:us-east-1:428188582803:targetgroup/ArchTestLB-TG/c9659ade967eec8a",
            "lambda_multi_value_headers_enabled": false,
            "load_balancing_algorithm_type": "round_robin",
            "name": "ArchTestLB-TG",
            "name_prefix": null,
            "port": 8080,
            "protocol": "HTTP",
            "proxy_protocol_v2": false,
            "slow_start": 0,
            "stickiness": [
              {
                "cookie_duration": 86400,
                "enabled": false,
                "type": "lb_cookie"
              }
            ],
            "tags": {},
            "target_type": "instance",
            "vpc_id": "vpc-098440541a0dcb5fb"
          },
          "private": "bnVsbA==",
          "dependencies": [
            "module.network.aws_vpc.archTestVPC"
          ]
        }
      ]
    },
    {
      "module": "module.network",
      "mode": "managed",
      "type": "aws_main_route_table_association",
      "name": "archTestMainRouteTable",
      "provider": "provider.aws",
      "instances": [
        {
          "schema_version": 0,
          "attributes": {
            "id": "rtbassoc-0d239c06a11a3af4f",
            "original_route_table_id": "rtb-0ca6b93c4059dc3d5",
            "route_table_id": "rtb-0e27f5bae6e743e95",
            "vpc_id": "vpc-098440541a0dcb5fb"
          },
          "private": "bnVsbA==",
          "dependencies": [
            "module.network.aws_eip.archTestNATIPEastA",
            "module.network.aws_nat_gateway.archTestNATEastA",
            "module.network.aws_route_table.archTestRouteAppA",
            "module.network.aws_route_table_association.archTestAssocAppA",
            "module.network.aws_subnet.appSubNetEastA",
            "module.network.aws_vpc.archTestVPC"
          ]
        }
      ]
    },
    {
      "module": "module.network",
      "mode": "managed",
      "type": "aws_nat_gateway",
      "name": "archTestNATEastA",
      "provider": "provider.aws",
      "instances": [
        {
          "schema_version": 0,
          "attributes": {
            "allocation_id": "eipalloc-088734911d8aef723",
            "id": "nat-030356c8160c707a3",
            "network_interface_id": "eni-0fa48e563c848b47b",
            "private_ip": "10.0.0.19",
            "public_ip": "3.231.69.31",
            "subnet_id": "subnet-04ee1fbe2d7e19c93",
            "tags": {
              "Name": "NAT Gateway East A"
            }
          },
          "private": "bnVsbA==",
          "dependencies": [
            "module.network.aws_eip.archTestNATIPEastA",
            "module.network.aws_subnet.publicSubNetEastA"
          ]
        }
      ]
    },
    {
      "module": "module.network",
      "mode": "managed",
      "type": "aws_nat_gateway",
      "name": "archTestNATEastB",
      "provider": "provider.aws",
      "instances": [
        {
          "schema_version": 0,
          "attributes": {
            "allocation_id": "eipalloc-0f540aaee8b679e89",
            "id": "nat-00e3c7457a39ccc6d",
            "network_interface_id": "eni-03a53c5d55b66d440",
            "private_ip": "10.0.2.248",
            "public_ip": "52.20.249.196",
            "subnet_id": "subnet-039ea9a75feb31f72",
            "tags": {
              "Name": "NAT Gateway East B"
            }
          },
          "private": "bnVsbA==",
          "dependencies": [
            "module.network.aws_eip.archTestNATIPEastB",
            "module.network.aws_subnet.publicSubNetEastB"
          ]
        }
      ]
    },
    {
      "module": "module.network",
      "mode": "managed",
      "type": "aws_route_table",
      "name": "archTestRouteAppA",
      "provider": "provider.aws",
      "instances": [
        {
          "schema_version": 0,
          "attributes": {
            "id": "rtb-0e27f5bae6e743e95",
            "owner_id": "428188582803",
            "propagating_vgws": [],
            "route": [
              {
                "cidr_block": "0.0.0.0/0",
                "egress_only_gateway_id": "",
                "gateway_id": "nat-030356c8160c707a3",
                "instance_id": "",
                "ipv6_cidr_block": "",
                "nat_gateway_id": "",
                "network_interface_id": "",
                "transit_gateway_id": "",
                "vpc_peering_connection_id": ""
              }
            ],
            "tags": {
              "Name": "A App Route Gateway"
            },
            "vpc_id": "vpc-098440541a0dcb5fb"
          },
          "private": "bnVsbA==",
          "dependencies": [
            "module.network.aws_nat_gateway.archTestNATEastA",
            "module.network.aws_vpc.archTestVPC"
          ]
        }
      ]
    },
    {
      "module": "module.network",
      "mode": "managed",
      "type": "aws_route_table",
      "name": "archTestRouteAppB",
      "provider": "provider.aws",
      "instances": [
        {
          "schema_version": 0,
          "attributes": {
            "id": "rtb-0e4ed4cafdf119f56",
            "owner_id": "428188582803",
            "propagating_vgws": [],
            "route": [
              {
                "cidr_block": "0.0.0.0/0",
                "egress_only_gateway_id": "",
                "gateway_id": "nat-00e3c7457a39ccc6d",
                "instance_id": "",
                "ipv6_cidr_block": "",
                "nat_gateway_id": "",
                "network_interface_id": "",
                "transit_gateway_id": "",
                "vpc_peering_connection_id": ""
              }
            ],
            "tags": {
              "Name": "B App Route Gateway"
            },
            "vpc_id": "vpc-098440541a0dcb5fb"
          },
          "private": "bnVsbA==",
          "dependencies": [
            "module.network.aws_nat_gateway.archTestNATEastB",
            "module.network.aws_vpc.archTestVPC"
          ]
        }
      ]
    },
    {
      "module": "module.network",
      "mode": "managed",
      "type": "aws_route_table",
      "name": "archTestRoutePublicA",
      "provider": "provider.aws",
      "instances": [
        {
          "schema_version": 0,
          "attributes": {
            "id": "rtb-0b20148415140a763",
            "owner_id": "428188582803",
            "propagating_vgws": [],
            "route": [
              {
                "cidr_block": "0.0.0.0/0",
                "egress_only_gateway_id": "",
                "gateway_id": "igw-099d54cdb8e5fdfcf",
                "instance_id": "",
                "ipv6_cidr_block": "",
                "nat_gateway_id": "",
                "network_interface_id": "",
                "transit_gateway_id": "",
                "vpc_peering_connection_id": ""
              }
            ],
            "tags": {
              "Name": "Public Route Gateway"
            },
            "vpc_id": "vpc-098440541a0dcb5fb"
          },
          "private": "bnVsbA==",
          "dependencies": [
            "module.network.aws_internet_gateway.archTestInternetGateway",
            "module.network.aws_vpc.archTestVPC"
          ]
        }
      ]
    },
    {
      "module": "module.network",
      "mode": "managed",
      "type": "aws_route_table_association",
      "name": "archTestAssocAppA",
      "provider": "provider.aws",
      "instances": [
        {
          "schema_version": 0,
          "attributes": {
            "gateway_id": null,
            "id": "rtbassoc-03e14db5bcedaedfd",
            "route_table_id": "rtb-0e27f5bae6e743e95",
            "subnet_id": "subnet-07fbdec81bf2169a8"
          },
          "private": "bnVsbA==",
          "dependencies": [
            "module.network.aws_eip.archTestNATIPEastA",
            "module.network.aws_nat_gateway.archTestNATEastA",
            "module.network.aws_route_table.archTestRouteAppA",
            "module.network.aws_subnet.appSubNetEastA",
            "module.network.aws_vpc.archTestVPC"
          ]
        }
      ]
    },
    {
      "module": "module.network",
      "mode": "managed",
      "type": "aws_route_table_association",
      "name": "archTestAssocAppB",
      "provider": "provider.aws",
      "instances": [
        {
          "schema_version": 0,
          "attributes": {
            "gateway_id": null,
            "id": "rtbassoc-075c6ccd1a3e00045",
            "route_table_id": "rtb-0e4ed4cafdf119f56",
            "subnet_id": "subnet-00b48e1d5521cef8a"
          },
          "private": "bnVsbA==",
          "dependencies": [
            "module.network.aws_eip.archTestNATIPEastB",
            "module.network.aws_nat_gateway.archTestNATEastB",
            "module.network.aws_route_table.archTestRouteAppB",
            "module.network.aws_subnet.appSubNetEastB",
            "module.network.aws_vpc.archTestVPC"
          ]
        }
      ]
    },
    {
      "module": "module.network",
      "mode": "managed",
      "type": "aws_route_table_association",
      "name": "archTestAssocPublicA",
      "each": "list",
      "provider": "provider.aws",
      "instances": [
        {
          "index_key": 0,
          "schema_version": 0,
          "attributes": {
            "gateway_id": null,
            "id": "rtbassoc-0bea007ebd935e697",
            "route_table_id": "rtb-0b20148415140a763",
            "subnet_id": "subnet-04ee1fbe2d7e19c93"
          },
          "private": "bnVsbA==",
          "dependencies": [
            "module.network.aws_internet_gateway.archTestInternetGateway",
            "module.network.aws_route_table.archTestRoutePublicA",
            "module.network.aws_subnet.publicSubNetEastA",
            "module.network.aws_vpc.archTestVPC"
          ]
        },
        {
          "index_key": 1,
          "schema_version": 0,
          "attributes": {
            "gateway_id": null,
            "id": "rtbassoc-0bd4249876cf2998d",
            "route_table_id": "rtb-0b20148415140a763",
            "subnet_id": "subnet-039ea9a75feb31f72"
          },
          "private": "bnVsbA==",
          "dependencies": [
            "module.network.aws_internet_gateway.archTestInternetGateway",
            "module.network.aws_route_table.archTestRoutePublicA",
            "module.network.aws_subnet.publicSubNetEastA",
            "module.network.aws_subnet.publicSubNetEastB",
            "module.network.aws_vpc.archTestVPC"
          ]
        }
      ]
    },
    {
      "module": "module.network",
      "mode": "managed",
      "type": "aws_security_group",
      "name": "arch_test_allow_app",
      "provider": "provider.aws",
      "instances": [
        {
          "schema_version": 1,
          "attributes": {
            "arn": "arn:aws:ec2:us-east-1:428188582803:security-group/sg-0311bd6b195455fe4",
            "description": "Allow App 8080 inbound traffic",
            "egress": [
              {
                "cidr_blocks": [
                  "0.0.0.0/0"
                ],
                "description": "",
                "from_port": 0,
                "ipv6_cidr_blocks": [],
                "prefix_list_ids": [],
                "protocol": "-1",
                "security_groups": [],
                "self": false,
                "to_port": 0
              }
            ],
            "id": "sg-0311bd6b195455fe4",
            "ingress": [
              {
                "cidr_blocks": [],
                "description": "80 from VPC",
                "from_port": 8080,
                "ipv6_cidr_blocks": [],
                "prefix_list_ids": [],
                "protocol": "tcp",
                "security_groups": [
                  "sg-0667b5b220be86c75"
                ],
                "self": false,
                "to_port": 8080
              },
              {
                "cidr_blocks": [],
                "description": "8080 from VPC",
                "from_port": 80,
                "ipv6_cidr_blocks": [],
                "prefix_list_ids": [],
                "protocol": "tcp",
                "security_groups": [
                  "sg-0667b5b220be86c75"
                ],
                "self": false,
                "to_port": 80
              }
            ],
            "name": "Arch Test allow App",
            "name_prefix": null,
            "owner_id": "428188582803",
            "revoke_rules_on_delete": false,
            "tags": {},
            "timeouts": null,
            "vpc_id": "vpc-098440541a0dcb5fb"
          },
          "private": "eyJlMmJmYjczMC1lY2FhLTExZTYtOGY4OC0zNDM2M2JjN2M0YzAiOnsiY3JlYXRlIjo2MDAwMDAwMDAwMDAsImRlbGV0ZSI6NjAwMDAwMDAwMDAwfSwic2NoZW1hX3ZlcnNpb24iOiIxIn0=",
          "dependencies": [
            "module.network.aws_security_group.arch_test_external_app",
            "module.network.aws_vpc.archTestVPC"
          ]
        }
      ]
    },
    {
      "module": "module.network",
      "mode": "managed",
      "type": "aws_security_group",
      "name": "arch_test_allow_ssh",
      "provider": "provider.aws",
      "instances": [
        {
          "schema_version": 1,
          "attributes": {
            "arn": "arn:aws:ec2:us-east-1:428188582803:security-group/sg-0ca58986128dd0bb0",
            "description": "Allow SSH inbound traffic",
            "egress": [
              {
                "cidr_blocks": [
                  "0.0.0.0/0"
                ],
                "description": "",
                "from_port": 0,
                "ipv6_cidr_blocks": [],
                "prefix_list_ids": [],
                "protocol": "-1",
                "security_groups": [],
                "self": false,
                "to_port": 0
              }
            ],
            "id": "sg-0ca58986128dd0bb0",
            "ingress": [
              {
                "cidr_blocks": [
                  "0.0.0.0/0"
                ],
                "description": "SSH from Anywhere",
                "from_port": 22,
                "ipv6_cidr_blocks": [],
                "prefix_list_ids": [],
                "protocol": "tcp",
                "security_groups": [],
                "self": false,
                "to_port": 22
              }
            ],
            "name": "Arch Test Allow SSH",
            "name_prefix": null,
            "owner_id": "428188582803",
            "revoke_rules_on_delete": false,
            "tags": {},
            "timeouts": null,
            "vpc_id": "vpc-098440541a0dcb5fb"
          },
          "private": "eyJlMmJmYjczMC1lY2FhLTExZTYtOGY4OC0zNDM2M2JjN2M0YzAiOnsiY3JlYXRlIjo2MDAwMDAwMDAwMDAsImRlbGV0ZSI6NjAwMDAwMDAwMDAwfSwic2NoZW1hX3ZlcnNpb24iOiIxIn0=",
          "dependencies": [
            "module.network.aws_vpc.archTestVPC"
          ]
        }
      ]
    },
    {
      "module": "module.network",
      "mode": "managed",
      "type": "aws_security_group",
      "name": "arch_test_external_app",
      "provider": "provider.aws",
      "instances": [
        {
          "schema_version": 1,
          "attributes": {
            "arn": "arn:aws:ec2:us-east-1:428188582803:security-group/sg-0667b5b220be86c75",
            "description": "Allow App 8080 inbound traffic",
            "egress": [
              {
                "cidr_blocks": [
                  "0.0.0.0/0"
                ],
                "description": "",
                "from_port": 0,
                "ipv6_cidr_blocks": [],
                "prefix_list_ids": [],
                "protocol": "-1",
                "security_groups": [],
                "self": false,
                "to_port": 0
              }
            ],
            "id": "sg-0667b5b220be86c75",
            "ingress": [
              {
                "cidr_blocks": [
                  "0.0.0.0/0"
                ],
                "description": "Inbound external",
                "from_port": 80,
                "ipv6_cidr_blocks": [
                  "::/0"
                ],
                "prefix_list_ids": [],
                "protocol": "tcp",
                "security_groups": [],
                "self": false,
                "to_port": 80
              }
            ],
            "name": "Arch Test Allow External App",
            "name_prefix": null,
            "owner_id": "428188582803",
            "revoke_rules_on_delete": false,
            "tags": {},
            "timeouts": null,
            "vpc_id": "vpc-098440541a0dcb5fb"
          },
          "private": "eyJlMmJmYjczMC1lY2FhLTExZTYtOGY4OC0zNDM2M2JjN2M0YzAiOnsiY3JlYXRlIjo2MDAwMDAwMDAwMDAsImRlbGV0ZSI6NjAwMDAwMDAwMDAwfSwic2NoZW1hX3ZlcnNpb24iOiIxIn0=",
          "dependencies": [
            "module.network.aws_vpc.archTestVPC"
          ]
        }
      ]
    },
    {
      "module": "module.network",
      "mode": "managed",
      "type": "aws_subnet",
      "name": "appSubNetEastA",
      "provider": "provider.aws",
      "instances": [
        {
          "schema_version": 1,
          "attributes": {
            "arn": "arn:aws:ec2:us-east-1:428188582803:subnet/subnet-07fbdec81bf2169a8",
            "assign_ipv6_address_on_creation": false,
            "availability_zone": "us-east-1a",
            "availability_zone_id": "use1-az6",
            "cidr_block": "10.0.1.0/24",
            "id": "subnet-07fbdec81bf2169a8",
            "ipv6_cidr_block": "",
            "ipv6_cidr_block_association_id": "",
            "map_public_ip_on_launch": false,
            "outpost_arn": "",
            "owner_id": "428188582803",
            "tags": {
              "Name": "Arch Test - App Subnet A"
            },
            "timeouts": null,
            "vpc_id": "vpc-098440541a0dcb5fb"
          },
          "private": "eyJlMmJmYjczMC1lY2FhLTExZTYtOGY4OC0zNDM2M2JjN2M0YzAiOnsiY3JlYXRlIjo2MDAwMDAwMDAwMDAsImRlbGV0ZSI6MTIwMDAwMDAwMDAwMH0sInNjaGVtYV92ZXJzaW9uIjoiMSJ9",
          "dependencies": [
            "module.network.aws_vpc.archTestVPC"
          ]
        }
      ]
    },
    {
      "module": "module.network",
      "mode": "managed",
      "type": "aws_subnet",
      "name": "appSubNetEastB",
      "provider": "provider.aws",
      "instances": [
        {
          "schema_version": 1,
          "attributes": {
            "arn": "arn:aws:ec2:us-east-1:428188582803:subnet/subnet-00b48e1d5521cef8a",
            "assign_ipv6_address_on_creation": false,
            "availability_zone": "us-east-1b",
            "availability_zone_id": "use1-az1",
            "cidr_block": "10.0.3.0/24",
            "id": "subnet-00b48e1d5521cef8a",
            "ipv6_cidr_block": "",
            "ipv6_cidr_block_association_id": "",
            "map_public_ip_on_launch": false,
            "outpost_arn": "",
            "owner_id": "428188582803",
            "tags": {
              "Name": "Arch Test - App Subnet B"
            },
            "timeouts": null,
            "vpc_id": "vpc-098440541a0dcb5fb"
          },
          "private": "eyJlMmJmYjczMC1lY2FhLTExZTYtOGY4OC0zNDM2M2JjN2M0YzAiOnsiY3JlYXRlIjo2MDAwMDAwMDAwMDAsImRlbGV0ZSI6MTIwMDAwMDAwMDAwMH0sInNjaGVtYV92ZXJzaW9uIjoiMSJ9",
          "dependencies": [
            "module.network.aws_vpc.archTestVPC"
          ]
        }
      ]
    },
    {
      "module": "module.network",
      "mode": "managed",
      "type": "aws_subnet",
      "name": "publicSubNetEastA",
      "provider": "provider.aws",
      "instances": [
        {
          "schema_version": 1,
          "attributes": {
            "arn": "arn:aws:ec2:us-east-1:428188582803:subnet/subnet-04ee1fbe2d7e19c93",
            "assign_ipv6_address_on_creation": false,
            "availability_zone": "us-east-1a",
            "availability_zone_id": "use1-az6",
            "cidr_block": "10.0.0.0/24",
            "id": "subnet-04ee1fbe2d7e19c93",
            "ipv6_cidr_block": "",
            "ipv6_cidr_block_association_id": "",
            "map_public_ip_on_launch": false,
            "outpost_arn": "",
            "owner_id": "428188582803",
            "tags": {
              "Name": "Arch Test - Public Subnet A"
            },
            "timeouts": null,
            "vpc_id": "vpc-098440541a0dcb5fb"
          },
          "private": "eyJlMmJmYjczMC1lY2FhLTExZTYtOGY4OC0zNDM2M2JjN2M0YzAiOnsiY3JlYXRlIjo2MDAwMDAwMDAwMDAsImRlbGV0ZSI6MTIwMDAwMDAwMDAwMH0sInNjaGVtYV92ZXJzaW9uIjoiMSJ9",
          "dependencies": [
            "module.network.aws_vpc.archTestVPC"
          ]
        }
      ]
    },
    {
      "module": "module.network",
      "mode": "managed",
      "type": "aws_subnet",
      "name": "publicSubNetEastB",
      "provider": "provider.aws",
      "instances": [
        {
          "schema_version": 1,
          "attributes": {
            "arn": "arn:aws:ec2:us-east-1:428188582803:subnet/subnet-039ea9a75feb31f72",
            "assign_ipv6_address_on_creation": false,
            "availability_zone": "us-east-1b",
            "availability_zone_id": "use1-az1",
            "cidr_block": "10.0.2.0/24",
            "id": "subnet-039ea9a75feb31f72",
            "ipv6_cidr_block": "",
            "ipv6_cidr_block_association_id": "",
            "map_public_ip_on_launch": false,
            "outpost_arn": "",
            "owner_id": "428188582803",
            "tags": {
              "Name": "Arch Test - Public Subnet B"
            },
            "timeouts": null,
            "vpc_id": "vpc-098440541a0dcb5fb"
          },
          "private": "eyJlMmJmYjczMC1lY2FhLTExZTYtOGY4OC0zNDM2M2JjN2M0YzAiOnsiY3JlYXRlIjo2MDAwMDAwMDAwMDAsImRlbGV0ZSI6MTIwMDAwMDAwMDAwMH0sInNjaGVtYV92ZXJzaW9uIjoiMSJ9",
          "dependencies": [
            "module.network.aws_vpc.archTestVPC"
          ]
        }
      ]
    },
    {
      "module": "module.network",
      "mode": "managed",
      "type": "aws_vpc",
      "name": "archTestVPC",
      "provider": "provider.aws",
      "instances": [
        {
          "schema_version": 1,
          "attributes": {
            "arn": "arn:aws:ec2:us-east-1:428188582803:vpc/vpc-098440541a0dcb5fb",
            "assign_generated_ipv6_cidr_block": false,
            "cidr_block": "10.0.0.0/16",
            "default_network_acl_id": "acl-0ab0a75dff1fc2ade",
            "default_route_table_id": "rtb-0e27f5bae6e743e95",
            "default_security_group_id": "sg-0761361716d1c655d",
            "dhcp_options_id": "dopt-336baa56",
            "enable_classiclink": false,
            "enable_classiclink_dns_support": false,
            "enable_dns_hostnames": true,
            "enable_dns_support": true,
            "id": "vpc-098440541a0dcb5fb",
            "instance_tenancy": "default",
            "ipv6_association_id": "",
            "ipv6_cidr_block": "",
            "main_route_table_id": "rtb-0e27f5bae6e743e95",
            "owner_id": "428188582803",
            "tags": {
              "Name": "ArchTestVPC"
            }
          },
          "private": "eyJzY2hlbWFfdmVyc2lvbiI6IjEifQ=="
        }
      ]
    }
  ]
}
